
Microsoft Visual Studio Solution File, Format Version 12.00
# Visual Studio Version 17
VisualStudioVersion = 17.10.34928.147
MinimumVisualStudioVersion = 10.0.40219.1
Project("{FAE04EC0-301F-11D3-BF4B-00C04F79EFBC}") = "Week9Lists", "Week9Lists\Week9Lists.csproj", "{423B5578-5204-443C-8AAB-4CB2E4BC683D}"
EndProject
Global
	GlobalSection(SolutionConfigurationPlatforms) = preSolution
		Debug|Any CPU = Debug|Any CPU
		Release|Any CPU = Release|Any CPU
	EndGlobalSection
	GlobalSection(ProjectConfigurationPlatforms) = postSolution
		{423B5578-5204-443C-8AAB-4CB2E4BC683D}.Debug|Any CPU.ActiveCfg = Debug|Any CPU
		{423B5578-5204-443C-8AAB-4CB2E4BC683D}.Debug|Any CPU.Build.0 = Debug|Any CPU
		{423B5578-5204-443C-8AAB-4CB2E4BC683D}.Release|Any CPU.ActiveCfg = Release|Any CPU
		{423B5578-5204-443C-8AAB-4CB2E4BC683D}.Release|Any CPU.Build.0 = Release|Any CPU
	EndGlobalSection
	GlobalSection(SolutionProperties) = preSolution
		HideSolutionNode = FALSE
	EndGlobalSection
	GlobalSection(ExtensibilityGlobals) = postSolution
		SolutionGuid = {5D97C813-8CE3-424A-AC8D-CFA635E6595E}
	EndGlobalSection
EndGlobal
